
Microsoft Visual Studio Solution File, Format Version 12.00
# Visual Studio Version 17
VisualStudioVersion = 17.13.35818.85
MinimumVisualStudioVersion = 10.0.40219.1
Project("{FAE04EC0-301F-11D3-BF4B-00C04F79EFBC}") = "Model", "Model\Model.csproj", "{016489B1-2690-43BD-96A6-65D783BB83D5}"
EndProject
Project("{FAE04EC0-301F-11D3-BF4B-00C04F79EFBC}") = "ViewModel", "ViewModel\ViewModel.csproj", "{AF3DC869-5724-4F2B-96F8-954358A0DC77}"
EndProject
Project("{FAE04EC0-301F-11D3-BF4B-00C04F79EFBC}") = "Test", "Test\Test.csproj", "{C40118E1-2C82-4525-AF7F-C2B3DA832A2B}"
EndProject
Global
	GlobalSection(SolutionConfigurationPlatforms) = preSolution
		Debug|Any CPU = Debug|Any CPU
		Release|Any CPU = Release|Any CPU
	EndGlobalSection
	GlobalSection(ProjectConfigurationPlatforms) = postSolution
		{016489B1-2690-43BD-96A6-65D783BB83D5}.Debug|Any CPU.ActiveCfg = Debug|Any CPU
		{016489B1-2690-43BD-96A6-65D783BB83D5}.Debug|Any CPU.Build.0 = Debug|Any CPU
		{016489B1-2690-43BD-96A6-65D783BB83D5}.Release|Any CPU.ActiveCfg = Release|Any CPU
		{016489B1-2690-43BD-96A6-65D783BB83D5}.Release|Any CPU.Build.0 = Release|Any CPU
		{AF3DC869-5724-4F2B-96F8-954358A0DC77}.Debug|Any CPU.ActiveCfg = Debug|Any CPU
		{AF3DC869-5724-4F2B-96F8-954358A0DC77}.Debug|Any CPU.Build.0 = Debug|Any CPU
		{AF3DC869-5724-4F2B-96F8-954358A0DC77}.Release|Any CPU.ActiveCfg = Release|Any CPU
		{AF3DC869-5724-4F2B-96F8-954358A0DC77}.Release|Any CPU.Build.0 = Release|Any CPU
		{C40118E1-2C82-4525-AF7F-C2B3DA832A2B}.Debug|Any CPU.ActiveCfg = Debug|Any CPU
		{C40118E1-2C82-4525-AF7F-C2B3DA832A2B}.Debug|Any CPU.Build.0 = Debug|Any CPU
		{C40118E1-2C82-4525-AF7F-C2B3DA832A2B}.Release|Any CPU.ActiveCfg = Release|Any CPU
		{C40118E1-2C82-4525-AF7F-C2B3DA832A2B}.Release|Any CPU.Build.0 = Release|Any CPU
	EndGlobalSection
	GlobalSection(SolutionProperties) = preSolution
		HideSolutionNode = FALSE
	EndGlobalSection
	GlobalSection(ExtensibilityGlobals) = postSolution
		SolutionGuid = {07BDBEB6-9C97-46F5-AB07-158F15F63763}
	EndGlobalSection
EndGlobal
